
Microsoft Visual Studio Solution File, Format Version 12.00
# Visual Studio Version 17
VisualStudioVersion = 17.8.34309.116
MinimumVisualStudioVersion = 10.0.40219.1
Project("{2150E333-8FDC-42A3-9474-1A3956D46DE8}") = "src", "src", "{EF5B26F7-8AB4-4FBE-AC57-F9944CC417C0}"
EndProject
Project("{2150E333-8FDC-42A3-9474-1A3956D46DE8}") = "tests", "tests", "{D1AD343A-A1E6-43EF-87B3-42A7F1495ADF}"
EndProject
Project("{2150E333-8FDC-42A3-9474-1A3956D46DE8}") = "Core", "Core", "{AC76EF8A-1C70-4D40-926A-FA8DD7F52963}"
EndProject
Project("{2150E333-8FDC-42A3-9474-1A3956D46DE8}") = "Domain", "Domain", "{E2D1B412-3434-4DF2-BF0B-D2B96906DC0D}"
EndProject
Project("{2150E333-8FDC-42A3-9474-1A3956D46DE8}") = "Framework", "Framework", "{C485BE03-AAD2-4A99-B813-F0F04BE5C19B}"
EndProject
Project("{2150E333-8FDC-42A3-9474-1A3956D46DE8}") = "Application", "Application", "{3CD7BE49-B66A-44D2-8597-6C4C6FDA6ECC}"
EndProject
Project("{2150E333-8FDC-42A3-9474-1A3956D46DE8}") = "Shared", "Shared", "{D77CA005-9828-469B-A90C-F465F960530B}"
EndProject
Project("{2150E333-8FDC-42A3-9474-1A3956D46DE8}") = "Domain", "Domain", "{66B47847-FEB9-40E0-BB91-C446CE64E92B}"
EndProject
Project("{2150E333-8FDC-42A3-9474-1A3956D46DE8}") = "App", "App", "{F4752FDD-0D8D-4AA8-AB53-39D9136F9D7A}"
EndProject
Project("{2150E333-8FDC-42A3-9474-1A3956D46DE8}") = "Infra", "Infra", "{F38BC1DD-7D57-4AB8-896A-F1821601B5DF}"
EndProject
Project("{2150E333-8FDC-42A3-9474-1A3956D46DE8}") = "Shared", "Shared", "{FD9A040C-3FC7-4A64-889E-0BDC51723163}"
EndProject
Project("{FAE04EC0-301F-11D3-BF4B-00C04F79EFBC}") = "Framework.Domain", "src\Framework\Domain\Framework.Domain\Framework.Domain.csproj", "{FAF24A06-D27D-4A3C-A33B-26521C9B4575}"
EndProject
Project("{FAE04EC0-301F-11D3-BF4B-00C04F79EFBC}") = "Framework.App", "src\Framework\App\Framework.App\Framework.App.csproj", "{1F4B331B-EB38-4AE5-9086-6D7D8F122962}"
EndProject
Global
	GlobalSection(SolutionConfigurationPlatforms) = preSolution
		Debug|Any CPU = Debug|Any CPU
		Release|Any CPU = Release|Any CPU
	EndGlobalSection
	GlobalSection(ProjectConfigurationPlatforms) = postSolution
		{FAF24A06-D27D-4A3C-A33B-26521C9B4575}.Debug|Any CPU.ActiveCfg = Debug|Any CPU
		{FAF24A06-D27D-4A3C-A33B-26521C9B4575}.Debug|Any CPU.Build.0 = Debug|Any CPU
		{FAF24A06-D27D-4A3C-A33B-26521C9B4575}.Release|Any CPU.ActiveCfg = Release|Any CPU
		{FAF24A06-D27D-4A3C-A33B-26521C9B4575}.Release|Any CPU.Build.0 = Release|Any CPU
		{1F4B331B-EB38-4AE5-9086-6D7D8F122962}.Debug|Any CPU.ActiveCfg = Debug|Any CPU
		{1F4B331B-EB38-4AE5-9086-6D7D8F122962}.Debug|Any CPU.Build.0 = Debug|Any CPU
		{1F4B331B-EB38-4AE5-9086-6D7D8F122962}.Release|Any CPU.ActiveCfg = Release|Any CPU
		{1F4B331B-EB38-4AE5-9086-6D7D8F122962}.Release|Any CPU.Build.0 = Release|Any CPU
	EndGlobalSection
	GlobalSection(SolutionProperties) = preSolution
		HideSolutionNode = FALSE
	EndGlobalSection
	GlobalSection(NestedProjects) = preSolution
		{AC76EF8A-1C70-4D40-926A-FA8DD7F52963} = {EF5B26F7-8AB4-4FBE-AC57-F9944CC417C0}
		{E2D1B412-3434-4DF2-BF0B-D2B96906DC0D} = {AC76EF8A-1C70-4D40-926A-FA8DD7F52963}
		{C485BE03-AAD2-4A99-B813-F0F04BE5C19B} = {EF5B26F7-8AB4-4FBE-AC57-F9944CC417C0}
		{3CD7BE49-B66A-44D2-8597-6C4C6FDA6ECC} = {AC76EF8A-1C70-4D40-926A-FA8DD7F52963}
		{D77CA005-9828-469B-A90C-F465F960530B} = {EF5B26F7-8AB4-4FBE-AC57-F9944CC417C0}
		{66B47847-FEB9-40E0-BB91-C446CE64E92B} = {C485BE03-AAD2-4A99-B813-F0F04BE5C19B}
		{F4752FDD-0D8D-4AA8-AB53-39D9136F9D7A} = {C485BE03-AAD2-4A99-B813-F0F04BE5C19B}
		{F38BC1DD-7D57-4AB8-896A-F1821601B5DF} = {C485BE03-AAD2-4A99-B813-F0F04BE5C19B}
		{FD9A040C-3FC7-4A64-889E-0BDC51723163} = {C485BE03-AAD2-4A99-B813-F0F04BE5C19B}
		{FAF24A06-D27D-4A3C-A33B-26521C9B4575} = {66B47847-FEB9-40E0-BB91-C446CE64E92B}
		{1F4B331B-EB38-4AE5-9086-6D7D8F122962} = {F4752FDD-0D8D-4AA8-AB53-39D9136F9D7A}
	EndGlobalSection
	GlobalSection(ExtensibilityGlobals) = postSolution
		SolutionGuid = {7AF850FA-419A-4263-BDB3-2DA0606307D4}
	EndGlobalSection
EndGlobal
